// !$*UTF8*$!
{
	archiveVersion = 1;
	classes = {
	};
	objectVersion = 46;
	objects = {

/* Begin PBXBuildFile section */
		107BCD131E3AE1D700A183F5 /* Container.swift in Sources */ = {isa = PBXBuildFile; fileRef = 107BCD121E3AE1D700A183F5 /* Container.swift */; };
		10EACB001E3B0DC0002C9DC2 /* TOCNode.swift in Sources */ = {isa = PBXBuildFile; fileRef = 10EACAFF1E3B0DC0002C9DC2 /* TOCNode.swift */; };
		10F968511E148C2400D21E4B /* CueBlockTests.swift in Sources */ = {isa = PBXBuildFile; fileRef = 105888411E13934500169907 /* CueBlockTests.swift */; };
		10F968521E148C2900D21E4B /* EmphasisTests.swift in Sources */ = {isa = PBXBuildFile; fileRef = 105888451E13934500169907 /* EmphasisTests.swift */; };
		10F968531E148C2900D21E4B /* FacsimileTests.swift in Sources */ = {isa = PBXBuildFile; fileRef = 105888461E13934500169907 /* FacsimileTests.swift */; };
		10F968541E148C2900D21E4B /* HeaderBlockTests.swift in Sources */ = {isa = PBXBuildFile; fileRef = 105888471E13934500169907 /* HeaderBlockTests.swift */; };
		10F968551E148C2900D21E4B /* NodeTests.swift in Sources */ = {isa = PBXBuildFile; fileRef = 1058884B1E13934500169907 /* NodeTests.swift */; };
		10F968561E148C2D00D21E4B /* CommentScannerTests.swift in Sources */ = {isa = PBXBuildFile; fileRef = 105888401E13934500169907 /* CommentScannerTests.swift */; };
		10F968571E148C2D00D21E4B /* CueScannerTests.swift in Sources */ = {isa = PBXBuildFile; fileRef = 105888421E13934500169907 /* CueScannerTests.swift */; };
		10F968581E148C2D00D21E4B /* DualCueScannerTests.swift in Sources */ = {isa = PBXBuildFile; fileRef = 105888441E13934500169907 /* DualCueScannerTests.swift */; };
		10F968591E148C2D00D21E4B /* HeaderScannerTests.swift in Sources */ = {isa = PBXBuildFile; fileRef = 105888481E13934500169907 /* HeaderScannerTests.swift */; };
		10F9685A1E148C2D00D21E4B /* LyricScannerTests.swift in Sources */ = {isa = PBXBuildFile; fileRef = 1058884A1E13934500169907 /* LyricScannerTests.swift */; };
		10F9685B1E148C2D00D21E4B /* TheEndTests.swift in Sources */ = {isa = PBXBuildFile; fileRef = 1058884C1E13934500169907 /* TheEndTests.swift */; };
		OBJ_30 /* Block.swift in Sources */ = {isa = PBXBuildFile; fileRef = OBJ_9 /* Block.swift */; };
		OBJ_32 /* DelimiterStack.swift in Sources */ = {isa = PBXBuildFile; fileRef = OBJ_11 /* DelimiterStack.swift */; };
		OBJ_33 /* Inline.swift in Sources */ = {isa = PBXBuildFile; fileRef = OBJ_12 /* Inline.swift */; };
		OBJ_34 /* InlineCollection.swift in Sources */ = {isa = PBXBuildFile; fileRef = OBJ_13 /* InlineCollection.swift */; };
		OBJ_35 /* Node.swift in Sources */ = {isa = PBXBuildFile; fileRef = OBJ_14 /* Node.swift */; };
		OBJ_36 /* NodeSearchOptions.swift in Sources */ = {isa = PBXBuildFile; fileRef = OBJ_15 /* NodeSearchOptions.swift */; };
		OBJ_37 /* Parser.swift in Sources */ = {isa = PBXBuildFile; fileRef = OBJ_16 /* Parser.swift */; };
		OBJ_38 /* SearchResult.swift in Sources */ = {isa = PBXBuildFile; fileRef = OBJ_17 /* SearchResult.swift */; };
		OBJ_45 /* CueTests.swift in Sources */ = {isa = PBXBuildFile; fileRef = OBJ_20 /* CueTests.swift */; };
		OBJ_47 /* Cue.framework in Frameworks */ = {isa = PBXBuildFile; fileRef = OBJ_23 /* Cue.framework */; };
/* End PBXBuildFile section */

/* Begin PBXContainerItemProxy section */
		1058883E1E13921100169907 /* PBXContainerItemProxy */ = {
			isa = PBXContainerItemProxy;
			containerPortal = OBJ_1 /* Project object */;
			proxyType = 1;
			remoteGlobalIDString = OBJ_25;
			remoteInfo = Cue;
		};
/* End PBXContainerItemProxy section */

/* Begin PBXFileReference section */
		105888401E13934500169907 /* CommentScannerTests.swift */ = {isa = PBXFileReference; fileEncoding = 4; lastKnownFileType = sourcecode.swift; path = CommentScannerTests.swift; sourceTree = "<group>"; };
		105888411E13934500169907 /* CueBlockTests.swift */ = {isa = PBXFileReference; fileEncoding = 4; lastKnownFileType = sourcecode.swift; path = CueBlockTests.swift; sourceTree = "<group>"; };
		105888421E13934500169907 /* CueScannerTests.swift */ = {isa = PBXFileReference; fileEncoding = 4; lastKnownFileType = sourcecode.swift; path = CueScannerTests.swift; sourceTree = "<group>"; };
		105888441E13934500169907 /* DualCueScannerTests.swift */ = {isa = PBXFileReference; fileEncoding = 4; lastKnownFileType = sourcecode.swift; path = DualCueScannerTests.swift; sourceTree = "<group>"; };
		105888451E13934500169907 /* EmphasisTests.swift */ = {isa = PBXFileReference; fileEncoding = 4; lastKnownFileType = sourcecode.swift; path = EmphasisTests.swift; sourceTree = "<group>"; };
		105888461E13934500169907 /* FacsimileTests.swift */ = {isa = PBXFileReference; fileEncoding = 4; lastKnownFileType = sourcecode.swift; path = FacsimileTests.swift; sourceTree = "<group>"; };
		105888471E13934500169907 /* HeaderBlockTests.swift */ = {isa = PBXFileReference; fileEncoding = 4; lastKnownFileType = sourcecode.swift; path = HeaderBlockTests.swift; sourceTree = "<group>"; };
		105888481E13934500169907 /* HeaderScannerTests.swift */ = {isa = PBXFileReference; fileEncoding = 4; lastKnownFileType = sourcecode.swift; path = HeaderScannerTests.swift; sourceTree = "<group>"; };
		1058884A1E13934500169907 /* LyricScannerTests.swift */ = {isa = PBXFileReference; fileEncoding = 4; lastKnownFileType = sourcecode.swift; path = LyricScannerTests.swift; sourceTree = "<group>"; };
		1058884B1E13934500169907 /* NodeTests.swift */ = {isa = PBXFileReference; fileEncoding = 4; lastKnownFileType = sourcecode.swift; path = NodeTests.swift; sourceTree = "<group>"; };
		1058884C1E13934500169907 /* TheEndTests.swift */ = {isa = PBXFileReference; fileEncoding = 4; lastKnownFileType = sourcecode.swift; path = TheEndTests.swift; sourceTree = "<group>"; };
		1058884D1E13934500169907 /* war+peace.txt */ = {isa = PBXFileReference; fileEncoding = 4; lastKnownFileType = text; path = "war+peace.txt"; sourceTree = "<group>"; };
		1058884E1E13934500169907 /* WhitespaceScannerTests.swift */ = {isa = PBXFileReference; fileEncoding = 4; lastKnownFileType = sourcecode.swift; path = WhitespaceScannerTests.swift; sourceTree = "<group>"; };
		107BCD121E3AE1D700A183F5 /* Container.swift */ = {isa = PBXFileReference; fileEncoding = 4; lastKnownFileType = sourcecode.swift; path = Container.swift; sourceTree = "<group>"; };
		10EACAFF1E3B0DC0002C9DC2 /* TOCNode.swift */ = {isa = PBXFileReference; fileEncoding = 4; lastKnownFileType = sourcecode.swift; path = TOCNode.swift; sourceTree = "<group>"; };
		10F9685C1E148D9E00D21E4B /* LinuxMain.swift */ = {isa = PBXFileReference; fileEncoding = 4; lastKnownFileType = sourcecode.swift; path = LinuxMain.swift; sourceTree = "<group>"; };
		10F9685F1E148E6D00D21E4B /* README.md */ = {isa = PBXFileReference; lastKnownFileType = net.daringfireball.markdown; path = README.md; sourceTree = "<group>"; };
		OBJ_11 /* DelimiterStack.swift */ = {isa = PBXFileReference; lastKnownFileType = sourcecode.swift; path = DelimiterStack.swift; sourceTree = "<group>"; };
		OBJ_12 /* Inline.swift */ = {isa = PBXFileReference; lastKnownFileType = sourcecode.swift; path = Inline.swift; sourceTree = "<group>"; };
		OBJ_13 /* InlineCollection.swift */ = {isa = PBXFileReference; lastKnownFileType = sourcecode.swift; path = InlineCollection.swift; sourceTree = "<group>"; };
		OBJ_14 /* Node.swift */ = {isa = PBXFileReference; lastKnownFileType = sourcecode.swift; path = Node.swift; sourceTree = "<group>"; };
		OBJ_15 /* NodeSearchOptions.swift */ = {isa = PBXFileReference; lastKnownFileType = sourcecode.swift; path = NodeSearchOptions.swift; sourceTree = "<group>"; };
		OBJ_16 /* Parser.swift */ = {isa = PBXFileReference; lastKnownFileType = sourcecode.swift; path = Parser.swift; sourceTree = "<group>"; };
		OBJ_17 /* SearchResult.swift */ = {isa = PBXFileReference; lastKnownFileType = sourcecode.swift; path = SearchResult.swift; sourceTree = "<group>"; };
		OBJ_20 /* CueTests.swift */ = {isa = PBXFileReference; lastKnownFileType = sourcecode.swift; path = CueTests.swift; sourceTree = "<group>"; };
		OBJ_23 /* Cue.framework */ = {isa = PBXFileReference; explicitFileType = wrapper.framework; path = Cue.framework; sourceTree = BUILT_PRODUCTS_DIR; };
		OBJ_24 /* CueTests.xctest */ = {isa = PBXFileReference; lastKnownFileType = file; path = CueTests.xctest; sourceTree = BUILT_PRODUCTS_DIR; };
		OBJ_6 /* Package.swift */ = {isa = PBXFileReference; explicitFileType = sourcecode.swift; path = Package.swift; sourceTree = "<group>"; };
		OBJ_9 /* Block.swift */ = {isa = PBXFileReference; lastKnownFileType = sourcecode.swift; path = Block.swift; sourceTree = "<group>"; };
/* End PBXFileReference section */

/* Begin PBXFrameworksBuildPhase section */
		OBJ_39 /* Frameworks */ = {
			isa = PBXFrameworksBuildPhase;
			buildActionMask = 0;
			files = (
			);
			runOnlyForDeploymentPostprocessing = 0;
		};
		OBJ_46 /* Frameworks */ = {
			isa = PBXFrameworksBuildPhase;
			buildActionMask = 0;
			files = (
				OBJ_47 /* Cue.framework in Frameworks */,
			);
			runOnlyForDeploymentPostprocessing = 0;
		};
/* End PBXFrameworksBuildPhase section */

/* Begin PBXGroup section */
		1058883F1E13931300169907 /* AST */ = {
			isa = PBXGroup;
			children = (
				107BCD121E3AE1D700A183F5 /* Container.swift */,
				OBJ_9 /* Block.swift */,
				OBJ_12 /* Inline.swift */,
				OBJ_14 /* Node.swift */,
				OBJ_15 /* NodeSearchOptions.swift */,
			);
			name = AST;
			sourceTree = "<group>";
		};
		1058885C1E13935A00169907 /* ScannerTests */ = {
			isa = PBXGroup;
			children = (
				105888401E13934500169907 /* CommentScannerTests.swift */,
				105888421E13934500169907 /* CueScannerTests.swift */,
				105888441E13934500169907 /* DualCueScannerTests.swift */,
				105888481E13934500169907 /* HeaderScannerTests.swift */,
				1058884A1E13934500169907 /* LyricScannerTests.swift */,
				1058884C1E13934500169907 /* TheEndTests.swift */,
				1058884E1E13934500169907 /* WhitespaceScannerTests.swift */,
			);
			name = ScannerTests;
			sourceTree = "<group>";
		};
		OBJ_18 /* Tests */ = {
			isa = PBXGroup;
			children = (
				10F9685C1E148D9E00D21E4B /* LinuxMain.swift */,
				OBJ_19 /* CueTests */,
			);
			path = Tests;
			sourceTree = "<group>";
		};
		OBJ_19 /* CueTests */ = {
			isa = PBXGroup;
			children = (
				OBJ_20 /* CueTests.swift */,
				105888411E13934500169907 /* CueBlockTests.swift */,
				105888451E13934500169907 /* EmphasisTests.swift */,
				105888461E13934500169907 /* FacsimileTests.swift */,
				105888471E13934500169907 /* HeaderBlockTests.swift */,
				1058884B1E13934500169907 /* NodeTests.swift */,
				1058885C1E13935A00169907 /* ScannerTests */,
				1058884D1E13934500169907 /* war+peace.txt */,
			);
			name = CueTests;
			path = Tests/CueTests;
			sourceTree = SOURCE_ROOT;
		};
		OBJ_22 /* Products */ = {
			isa = PBXGroup;
			children = (
				OBJ_23 /* Cue.framework */,
				OBJ_24 /* CueTests.xctest */,
			);
			name = Products;
			sourceTree = BUILT_PRODUCTS_DIR;
		};
		OBJ_5 = {
			isa = PBXGroup;
			children = (
				10F9685F1E148E6D00D21E4B /* README.md */,
				OBJ_6 /* Package.swift */,
				OBJ_7 /* Sources */,
				OBJ_18 /* Tests */,
				OBJ_22 /* Products */,
			);
			sourceTree = "<group>";
		};
		OBJ_7 /* Sources */ = {
			isa = PBXGroup;
			children = (
				OBJ_8 /* Cue */,
			);
			path = Sources;
			sourceTree = "<group>";
		};
		OBJ_8 /* Cue */ = {
			isa = PBXGroup;
			children = (
				1058883F1E13931300169907 /* AST */,
				10EACAFF1E3B0DC0002C9DC2 /* TOCNode.swift */,
				OBJ_16 /* Parser.swift */,
				OBJ_17 /* SearchResult.swift */,
				OBJ_11 /* DelimiterStack.swift */,
				OBJ_13 /* InlineCollection.swift */,
			);
			name = Cue;
			path = Sources;
			sourceTree = SOURCE_ROOT;
		};
/* End PBXGroup section */

/* Begin PBXNativeTarget section */
		OBJ_25 /* Cue */ = {
			isa = PBXNativeTarget;
			buildConfigurationList = OBJ_26 /* Build configuration list for PBXNativeTarget "Cue" */;
			buildPhases = (
				OBJ_29 /* Sources */,
				OBJ_39 /* Frameworks */,
			);
			buildRules = (
			);
			dependencies = (
			);
			name = Cue;
			productName = Cue;
			productReference = OBJ_23 /* Cue.framework */;
			productType = "com.apple.product-type.framework";
		};
		OBJ_40 /* CueTests */ = {
			isa = PBXNativeTarget;
			buildConfigurationList = OBJ_41 /* Build configuration list for PBXNativeTarget "CueTests" */;
			buildPhases = (
				OBJ_44 /* Sources */,
				OBJ_46 /* Frameworks */,
			);
			buildRules = (
			);
			dependencies = (
				OBJ_48 /* PBXTargetDependency */,
			);
			name = CueTests;
			productName = CueTests;
			productReference = OBJ_24 /* CueTests.xctest */;
			productType = "com.apple.product-type.bundle.unit-test";
		};
/* End PBXNativeTarget section */

/* Begin PBXProject section */
		OBJ_1 /* Project object */ = {
			isa = PBXProject;
			attributes = {
				LastUpgradeCheck = 9999;
			};
			buildConfigurationList = OBJ_2 /* Build configuration list for PBXProject "Cue" */;
			compatibilityVersion = "Xcode 3.2";
			developmentRegion = English;
			hasScannedForEncodings = 0;
			knownRegions = (
				en,
			);
			mainGroup = OBJ_5;
			productRefGroup = OBJ_22 /* Products */;
			projectDirPath = "";
			projectRoot = "";
			targets = (
				OBJ_25 /* Cue */,
				OBJ_40 /* CueTests */,
			);
		};
/* End PBXProject section */

/* Begin PBXSourcesBuildPhase section */
		OBJ_29 /* Sources */ = {
			isa = PBXSourcesBuildPhase;
			buildActionMask = 0;
			files = (
				OBJ_30 /* Block.swift in Sources */,
				OBJ_32 /* DelimiterStack.swift in Sources */,
				OBJ_33 /* Inline.swift in Sources */,
				OBJ_34 /* InlineCollection.swift in Sources */,
				OBJ_35 /* Node.swift in Sources */,
				OBJ_36 /* NodeSearchOptions.swift in Sources */,
				10EACB001E3B0DC0002C9DC2 /* TOCNode.swift in Sources */,
				OBJ_37 /* Parser.swift in Sources */,
				107BCD131E3AE1D700A183F5 /* Container.swift in Sources */,
				OBJ_38 /* SearchResult.swift in Sources */,
			);
			runOnlyForDeploymentPostprocessing = 0;
		};
		OBJ_44 /* Sources */ = {
			isa = PBXSourcesBuildPhase;
			buildActionMask = 0;
			files = (
				OBJ_45 /* CueTests.swift in Sources */,
				10F9685A1E148C2D00D21E4B /* LyricScannerTests.swift in Sources */,
				10F968551E148C2900D21E4B /* NodeTests.swift in Sources */,
				10F968581E148C2D00D21E4B /* DualCueScannerTests.swift in Sources */,
				10F968591E148C2D00D21E4B /* HeaderScannerTests.swift in Sources */,
				10F968571E148C2D00D21E4B /* CueScannerTests.swift in Sources */,
				10F968561E148C2D00D21E4B /* CommentScannerTests.swift in Sources */,
				10F968521E148C2900D21E4B /* EmphasisTests.swift in Sources */,
				10F968511E148C2400D21E4B /* CueBlockTests.swift in Sources */,
				10F968541E148C2900D21E4B /* HeaderBlockTests.swift in Sources */,
				10F968531E148C2900D21E4B /* FacsimileTests.swift in Sources */,
				10F9685B1E148C2D00D21E4B /* TheEndTests.swift in Sources */,
			);
			runOnlyForDeploymentPostprocessing = 0;
		};
/* End PBXSourcesBuildPhase section */

/* Begin PBXTargetDependency section */
		OBJ_48 /* PBXTargetDependency */ = {
			isa = PBXTargetDependency;
			target = OBJ_25 /* Cue */;
			targetProxy = 1058883E1E13921100169907 /* PBXContainerItemProxy */;
		};
/* End PBXTargetDependency section */

/* Begin XCBuildConfiguration section */
		OBJ_27 /* Debug */ = {
			isa = XCBuildConfiguration;
			buildSettings = {
				ENABLE_TESTABILITY = YES;
				FRAMEWORK_SEARCH_PATHS = (
					"$(inherited)",
					"$(PLATFORM_DIR)/Developer/Library/Frameworks",
				);
				HEADER_SEARCH_PATHS = "$(inherited)";
				INFOPLIST_FILE = Cue.xcodeproj/Cue_Info.plist;
				LD_RUNPATH_SEARCH_PATHS = "$(TOOLCHAIN_DIR)/usr/lib/swift/macosx";
				OTHER_LDFLAGS = "$(inherited)";
				OTHER_SWIFT_FLAGS = "$(inherited)";
				PRODUCT_BUNDLE_IDENTIFIER = Cue;
				PRODUCT_MODULE_NAME = "$(TARGET_NAME:c99extidentifier)";
				PRODUCT_NAME = "$(TARGET_NAME:c99extidentifier)";
				TARGET_NAME = Cue;
			};
			name = Debug;
		};
		OBJ_28 /* Release */ = {
			isa = XCBuildConfiguration;
			buildSettings = {
				ENABLE_TESTABILITY = YES;
				FRAMEWORK_SEARCH_PATHS = (
					"$(inherited)",
					"$(PLATFORM_DIR)/Developer/Library/Frameworks",
				);
				HEADER_SEARCH_PATHS = "$(inherited)";
				INFOPLIST_FILE = Cue.xcodeproj/Cue_Info.plist;
				LD_RUNPATH_SEARCH_PATHS = "$(TOOLCHAIN_DIR)/usr/lib/swift/macosx";
				OTHER_LDFLAGS = "$(inherited)";
				OTHER_SWIFT_FLAGS = "$(inherited)";
				PRODUCT_BUNDLE_IDENTIFIER = Cue;
				PRODUCT_MODULE_NAME = "$(TARGET_NAME:c99extidentifier)";
				PRODUCT_NAME = "$(TARGET_NAME:c99extidentifier)";
				TARGET_NAME = Cue;
			};
			name = Release;
		};
		OBJ_3 /* Debug */ = {
			isa = XCBuildConfiguration;
			buildSettings = {
				COMBINE_HIDPI_IMAGES = YES;
				COPY_PHASE_STRIP = NO;
				DEBUG_INFORMATION_FORMAT = dwarf;
				DEFINES_MODULE = YES;
				DYLIB_INSTALL_NAME_BASE = "@rpath";
				ENABLE_NS_ASSERTIONS = YES;
				GCC_OPTIMIZATION_LEVEL = 0;
				IPHONEOS_DEPLOYMENT_TARGET = 8.0;
				MACOSX_DEPLOYMENT_TARGET = 10.9;
				ONLY_ACTIVE_ARCH = YES;
				OTHER_SWIFT_FLAGS = "-DXcode";
				PRODUCT_NAME = "$(TARGET_NAME)";
				SDKROOT = macosx;
				SUPPORTED_PLATFORMS = "macosx iphoneos iphonesimulator appletvos appletvsimulator watchos watchsimulator";
				SWIFT_ACTIVE_COMPILATION_CONDITIONS = SWIFT_PACKAGE;
				SWIFT_OPTIMIZATION_LEVEL = "-Onone";
				SWIFT_VERSION = 3.0;
				USE_HEADERMAP = NO;
				VALID_ARCHS = "i386 x86_64 arm64 armv7 armv7s";
			};
			name = Debug;
		};
		OBJ_4 /* Release */ = {
			isa = XCBuildConfiguration;
			buildSettings = {
				COMBINE_HIDPI_IMAGES = YES;
				COPY_PHASE_STRIP = YES;
				DEBUG_INFORMATION_FORMAT = "dwarf-with-dsym";
				DEFINES_MODULE = YES;
				DYLIB_INSTALL_NAME_BASE = "@rpath";
				GCC_OPTIMIZATION_LEVEL = s;
				IPHONEOS_DEPLOYMENT_TARGET = 8.0;
				MACOSX_DEPLOYMENT_TARGET = 10.9;
				OTHER_SWIFT_FLAGS = "-DXcode";
				PRODUCT_NAME = "$(TARGET_NAME)";
				SDKROOT = macosx;
				SUPPORTED_PLATFORMS = "macosx iphoneos iphonesimulator appletvos appletvsimulator watchos watchsimulator";
				SWIFT_ACTIVE_COMPILATION_CONDITIONS = SWIFT_PACKAGE;
				SWIFT_OPTIMIZATION_LEVEL = "-Owholemodule";
				SWIFT_VERSION = 3.0;
				USE_HEADERMAP = NO;
				VALID_ARCHS = "i386 x86_64 arm64 armv7 armv7s";
			};
			name = Release;
		};
		OBJ_42 /* Debug */ = {
			isa = XCBuildConfiguration;
			buildSettings = {
				EMBEDDED_CONTENT_CONTAINS_SWIFT = YES;
				FRAMEWORK_SEARCH_PATHS = (
					"$(inherited)",
					"$(PLATFORM_DIR)/Developer/Library/Frameworks",
				);
				HEADER_SEARCH_PATHS = "$(inherited)";
				INFOPLIST_FILE = Cue.xcodeproj/CueTests_Info.plist;
				LD_RUNPATH_SEARCH_PATHS = "@loader_path/../Frameworks";
				OTHER_LDFLAGS = "$(inherited)";
				OTHER_SWIFT_FLAGS = "$(inherited)";
				TARGET_NAME = CueTests;
			};
			name = Debug;
		};
		OBJ_43 /* Release */ = {
			isa = XCBuildConfiguration;
			buildSettings = {
				EMBEDDED_CONTENT_CONTAINS_SWIFT = YES;
				FRAMEWORK_SEARCH_PATHS = (
					"$(inherited)",
					"$(PLATFORM_DIR)/Developer/Library/Frameworks",
				);
				HEADER_SEARCH_PATHS = "$(inherited)";
				INFOPLIST_FILE = Cue.xcodeproj/CueTests_Info.plist;
				LD_RUNPATH_SEARCH_PATHS = "@loader_path/../Frameworks";
				OTHER_LDFLAGS = "$(inherited)";
				OTHER_SWIFT_FLAGS = "$(inherited)";
				TARGET_NAME = CueTests;
			};
			name = Release;
		};
/* End XCBuildConfiguration section */

/* Begin XCConfigurationList section */
		OBJ_2 /* Build configuration list for PBXProject "Cue" */ = {
			isa = XCConfigurationList;
			buildConfigurations = (
				OBJ_3 /* Debug */,
				OBJ_4 /* Release */,
			);
			defaultConfigurationIsVisible = 0;
			defaultConfigurationName = Debug;
		};
		OBJ_26 /* Build configuration list for PBXNativeTarget "Cue" */ = {
			isa = XCConfigurationList;
			buildConfigurations = (
				OBJ_27 /* Debug */,
				OBJ_28 /* Release */,
			);
			defaultConfigurationIsVisible = 0;
			defaultConfigurationName = Debug;
		};
		OBJ_41 /* Build configuration list for PBXNativeTarget "CueTests" */ = {
			isa = XCConfigurationList;
			buildConfigurations = (
				OBJ_42 /* Debug */,
				OBJ_43 /* Release */,
			);
			defaultConfigurationIsVisible = 0;
			defaultConfigurationName = Debug;
		};
/* End XCConfigurationList section */
	};
	rootObject = OBJ_1 /* Project object */;
}
