// !$*UTF8*$!
{
	archiveVersion = 1;
	classes = {
	};
	objectVersion = 48;
	objects = {

/* Begin PBXBuildFile section */
		101968A71F5A2C1E00C14C35 /* cue.c in Sources */ = {isa = PBXBuildFile; fileRef = 1029B8ED1F5A2AEA0091471B /* cue.c */; };
		101968A91F5A2C1E00C14C35 /* nodes.c in Sources */ = {isa = PBXBuildFile; fileRef = 1029B8EB1F5A2AEA0091471B /* nodes.c */; };
		101968AD1F5A2C1E00C14C35 /* Walker.c in Sources */ = {isa = PBXBuildFile; fileRef = 1029B8E91F5A2AE90091471B /* Walker.c */; };
		101968B11F5A2D7A00C14C35 /* mem.c in Sources */ = {isa = PBXBuildFile; fileRef = 101968AF1F5A2D7A00C14C35 /* mem.c */; };
		101968B51F5B6F3600C14C35 /* Scanner.c in Sources */ = {isa = PBXBuildFile; fileRef = 101968B31F5B6F3600C14C35 /* Scanner.c */; };
		1076B5541F66A9020087075B /* main.c in Sources */ = {isa = PBXBuildFile; fileRef = 1076B54F1F66A8E60087075B /* main.c */; };
		1076B5551F66A9140087075B /* main.c in Sources */ = {isa = PBXBuildFile; fileRef = 1076B54F1F66A8E60087075B /* main.c */; };
		109DD2C51F7E0FEB00C0E38A /* parser.h in Headers */ = {isa = PBXBuildFile; fileRef = 109DD2C31F7E0FEB00C0E38A /* parser.h */; };
		10B193F31F696B8B0032F412 /* pool.c in Sources */ = {isa = PBXBuildFile; fileRef = 1097DD711F69586F00164ECF /* pool.c */; };
		10CC02201F81B08400E79FAC /* libcue.a in Frameworks */ = {isa = PBXBuildFile; fileRef = 1029B8E21F5A2ACE0091471B /* libcue.a */; };
		10CC02221F81E08500E79FAC /* Makefile in Sources */ = {isa = PBXBuildFile; fileRef = 10CC02211F81E08500E79FAC /* Makefile */; };
		10EBE2C11F5FCA2E00C7417A /* inlines.c in Sources */ = {isa = PBXBuildFile; fileRef = 10EBE2BF1F5FCA2E00C7417A /* inlines.c */; };
		10EBE2C21F5FCA2E00C7417A /* inlines.h in Headers */ = {isa = PBXBuildFile; fileRef = 10EBE2C01F5FCA2E00C7417A /* inlines.h */; };
/* End PBXBuildFile section */

/* Begin PBXCopyFilesBuildPhase section */
		1076B54B1F66A8E60087075B /* CopyFiles */ = {
			isa = PBXCopyFilesBuildPhase;
			buildActionMask = 2147483647;
			dstPath = /usr/share/man/man1/;
			dstSubfolderSpec = 0;
			files = (
			);
			runOnlyForDeploymentPostprocessing = 1;
		};
/* End PBXCopyFilesBuildPhase section */

/* Begin PBXFileReference section */
		101968AF1F5A2D7A00C14C35 /* mem.c */ = {isa = PBXFileReference; fileEncoding = 4; lastKnownFileType = sourcecode.c.c; path = mem.c; sourceTree = "<group>"; };
		101968B01F5A2D7A00C14C35 /* mem.h */ = {isa = PBXFileReference; fileEncoding = 4; lastKnownFileType = sourcecode.c.h; path = mem.h; sourceTree = "<group>"; };
		101968B31F5B6F3600C14C35 /* Scanner.c */ = {isa = PBXFileReference; fileEncoding = 4; lastKnownFileType = sourcecode.c.c; path = Scanner.c; sourceTree = "<group>"; };
		101968B41F5B6F3600C14C35 /* Scanner.h */ = {isa = PBXFileReference; fileEncoding = 4; lastKnownFileType = sourcecode.c.h; path = Scanner.h; sourceTree = "<group>"; };
		1029B8E21F5A2ACE0091471B /* libcue.a */ = {isa = PBXFileReference; explicitFileType = archive.ar; includeInIndex = 0; path = libcue.a; sourceTree = BUILT_PRODUCTS_DIR; };
		1029B8E91F5A2AE90091471B /* Walker.c */ = {isa = PBXFileReference; lastKnownFileType = sourcecode.c.c; path = Walker.c; sourceTree = "<group>"; };
		1029B8EB1F5A2AEA0091471B /* nodes.c */ = {isa = PBXFileReference; lastKnownFileType = sourcecode.c.c; path = nodes.c; sourceTree = "<group>"; };
		1029B8ED1F5A2AEA0091471B /* cue.c */ = {isa = PBXFileReference; lastKnownFileType = sourcecode.c.c; path = cue.c; sourceTree = "<group>"; };
		1029B8EE1F5A2AEA0091471B /* Walker.h */ = {isa = PBXFileReference; lastKnownFileType = sourcecode.c.h; path = Walker.h; sourceTree = "<group>"; };
		1029B8F01F5A2AEA0091471B /* cue.h */ = {isa = PBXFileReference; lastKnownFileType = sourcecode.c.h; path = cue.h; sourceTree = "<group>"; };
		1029B8F11F5A2AEA0091471B /* nodes.h */ = {isa = PBXFileReference; lastKnownFileType = sourcecode.c.h; path = nodes.h; sourceTree = "<group>"; };
		1076B54D1F66A8E60087075B /* cue-cl */ = {isa = PBXFileReference; explicitFileType = "compiled.mach-o.executable"; includeInIndex = 0; path = "cue-cl"; sourceTree = BUILT_PRODUCTS_DIR; };
		1076B54F1F66A8E60087075B /* main.c */ = {isa = PBXFileReference; lastKnownFileType = sourcecode.c.c; path = main.c; sourceTree = "<group>"; };
		1097DD711F69586F00164ECF /* pool.c */ = {isa = PBXFileReference; lastKnownFileType = sourcecode.c.c; path = pool.c; sourceTree = "<group>"; };
		1097DD721F69586F00164ECF /* pool.h */ = {isa = PBXFileReference; lastKnownFileType = sourcecode.c.h; path = pool.h; sourceTree = "<group>"; };
		109DD2C31F7E0FEB00C0E38A /* parser.h */ = {isa = PBXFileReference; lastKnownFileType = sourcecode.c.h; path = parser.h; sourceTree = "<group>"; };
		10CC02211F81E08500E79FAC /* Makefile */ = {isa = PBXFileReference; lastKnownFileType = sourcecode.make; path = Makefile; sourceTree = "<group>"; };
		10EBE2BF1F5FCA2E00C7417A /* inlines.c */ = {isa = PBXFileReference; lastKnownFileType = sourcecode.c.c; path = inlines.c; sourceTree = "<group>"; };
		10EBE2C01F5FCA2E00C7417A /* inlines.h */ = {isa = PBXFileReference; lastKnownFileType = sourcecode.c.h; path = inlines.h; sourceTree = "<group>"; };
/* End PBXFileReference section */

/* Begin PBXFrameworksBuildPhase section */
		1029B8DF1F5A2ACE0091471B /* Frameworks */ = {
			isa = PBXFrameworksBuildPhase;
			buildActionMask = 2147483647;
			files = (
			);
			runOnlyForDeploymentPostprocessing = 0;
		};
		1076B54A1F66A8E60087075B /* Frameworks */ = {
			isa = PBXFrameworksBuildPhase;
			buildActionMask = 2147483647;
			files = (
				10CC02201F81B08400E79FAC /* libcue.a in Frameworks */,
			);
			runOnlyForDeploymentPostprocessing = 0;
		};
/* End PBXFrameworksBuildPhase section */

/* Begin PBXGroup section */
		1029B8D91F5A2ACE0091471B = {
			isa = PBXGroup;
			children = (
				10CC02211F81E08500E79FAC /* Makefile */,
				10CC02291F82218D00E79FAC /* src */,
				1029B8E31F5A2ACE0091471B /* Products */,
				10EBE2AE1F5EF46900C7417A /* Frameworks */,
			);
			sourceTree = "<group>";
		};
		1029B8E31F5A2ACE0091471B /* Products */ = {
			isa = PBXGroup;
			children = (
				1029B8E21F5A2ACE0091471B /* libcue.a */,
				1076B54D1F66A8E60087075B /* cue-cl */,
			);
			name = Products;
			sourceTree = "<group>";
		};
		10CC02291F82218D00E79FAC /* src */ = {
			isa = PBXGroup;
			children = (
				1029B8ED1F5A2AEA0091471B /* cue.c */,
				1029B8F01F5A2AEA0091471B /* cue.h */,
				10EBE2BF1F5FCA2E00C7417A /* inlines.c */,
				10EBE2C01F5FCA2E00C7417A /* inlines.h */,
				1076B54F1F66A8E60087075B /* main.c */,
				101968AF1F5A2D7A00C14C35 /* mem.c */,
				101968B01F5A2D7A00C14C35 /* mem.h */,
				1029B8EB1F5A2AEA0091471B /* nodes.c */,
				1029B8F11F5A2AEA0091471B /* nodes.h */,
				109DD2C31F7E0FEB00C0E38A /* parser.h */,
				1097DD711F69586F00164ECF /* pool.c */,
				1097DD721F69586F00164ECF /* pool.h */,
				101968B31F5B6F3600C14C35 /* Scanner.c */,
				101968B41F5B6F3600C14C35 /* Scanner.h */,
				1029B8E91F5A2AE90091471B /* Walker.c */,
				1029B8EE1F5A2AEA0091471B /* Walker.h */,
			);
			path = src;
			sourceTree = "<group>";
		};
		10EBE2AE1F5EF46900C7417A /* Frameworks */ = {
			isa = PBXGroup;
			children = (
			);
			name = Frameworks;
			sourceTree = "<group>";
		};
/* End PBXGroup section */

/* Begin PBXHeadersBuildPhase section */
		1029B8E01F5A2ACE0091471B /* Headers */ = {
			isa = PBXHeadersBuildPhase;
			buildActionMask = 2147483647;
			files = (
				10EBE2C21F5FCA2E00C7417A /* inlines.h in Headers */,
				109DD2C51F7E0FEB00C0E38A /* parser.h in Headers */,
			);
			runOnlyForDeploymentPostprocessing = 0;
		};
/* End PBXHeadersBuildPhase section */

/* Begin PBXLegacyTarget section */
		10CC02231F81E0A700E79FAC /* makeit */ = {
			isa = PBXLegacyTarget;
			buildArgumentsString = "$(ACTION)";
			buildConfigurationList = 10CC02261F81E0A700E79FAC /* Build configuration list for PBXLegacyTarget "makeit" */;
			buildPhases = (
			);
			buildToolPath = /usr/bin/make;
			dependencies = (
			);
			name = makeit;
			passBuildSettingsInEnvironment = 1;
			productName = makeit;
		};
/* End PBXLegacyTarget section */

/* Begin PBXNativeTarget section */
		1029B8E11F5A2ACE0091471B /* cue */ = {
			isa = PBXNativeTarget;
			buildConfigurationList = 1029B8E61F5A2ACE0091471B /* Build configuration list for PBXNativeTarget "cue" */;
			buildPhases = (
				1029B8DE1F5A2ACE0091471B /* Sources */,
				1029B8DF1F5A2ACE0091471B /* Frameworks */,
				1029B8E01F5A2ACE0091471B /* Headers */,
			);
			buildRules = (
			);
			dependencies = (
			);
			name = cue;
			productName = cue;
			productReference = 1029B8E21F5A2ACE0091471B /* libcue.a */;
			productType = "com.apple.product-type.library.static";
		};
		1076B54C1F66A8E60087075B /* cue-cl */ = {
			isa = PBXNativeTarget;
			buildConfigurationList = 1076B5531F66A8E60087075B /* Build configuration list for PBXNativeTarget "cue-cl" */;
			buildPhases = (
				1076B5491F66A8E60087075B /* Sources */,
				1076B54A1F66A8E60087075B /* Frameworks */,
				1076B54B1F66A8E60087075B /* CopyFiles */,
			);
			buildRules = (
			);
			dependencies = (
			);
			name = "cue-cl";
			productName = "cue-cl";
			productReference = 1076B54D1F66A8E60087075B /* cue-cl */;
			productType = "com.apple.product-type.tool";
		};
/* End PBXNativeTarget section */

/* Begin PBXProject section */
		1029B8DA1F5A2ACE0091471B /* Project object */ = {
			isa = PBXProject;
			attributes = {
				LastSwiftUpdateCheck = 0900;
				LastUpgradeCheck = 0900;
				ORGANIZATIONNAME = "Dylan McArthur";
				TargetAttributes = {
					1029B8E11F5A2ACE0091471B = {
						CreatedOnToolsVersion = 9.0;
						ProvisioningStyle = Automatic;
					};
					1076B54C1F66A8E60087075B = {
						CreatedOnToolsVersion = 9.0;
						ProvisioningStyle = Automatic;
					};
					10CC02231F81E0A700E79FAC = {
						CreatedOnToolsVersion = 9.0;
						ProvisioningStyle = Automatic;
					};
				};
			};
			buildConfigurationList = 1029B8DD1F5A2ACE0091471B /* Build configuration list for PBXProject "cue" */;
			compatibilityVersion = "Xcode 8.0";
			developmentRegion = en;
			hasScannedForEncodings = 0;
			knownRegions = (
				en,
				Base,
			);
			mainGroup = 1029B8D91F5A2ACE0091471B;
			productRefGroup = 1029B8E31F5A2ACE0091471B /* Products */;
			projectDirPath = "";
			projectRoot = "";
			targets = (
				1029B8E11F5A2ACE0091471B /* cue */,
				1076B54C1F66A8E60087075B /* cue-cl */,
				10CC02231F81E0A700E79FAC /* makeit */,
			);
		};
/* End PBXProject section */

/* Begin PBXSourcesBuildPhase section */
		1029B8DE1F5A2ACE0091471B /* Sources */ = {
			isa = PBXSourcesBuildPhase;
			buildActionMask = 2147483647;
			files = (
				101968A91F5A2C1E00C14C35 /* nodes.c in Sources */,
				101968B51F5B6F3600C14C35 /* Scanner.c in Sources */,
				10CC02221F81E08500E79FAC /* Makefile in Sources */,
				10EBE2C11F5FCA2E00C7417A /* inlines.c in Sources */,
				10B193F31F696B8B0032F412 /* pool.c in Sources */,
				1076B5541F66A9020087075B /* main.c in Sources */,
				101968B11F5A2D7A00C14C35 /* mem.c in Sources */,
				101968AD1F5A2C1E00C14C35 /* Walker.c in Sources */,
				101968A71F5A2C1E00C14C35 /* cue.c in Sources */,
			);
			runOnlyForDeploymentPostprocessing = 0;
		};
		1076B5491F66A8E60087075B /* Sources */ = {
			isa = PBXSourcesBuildPhase;
			buildActionMask = 2147483647;
			files = (
				1076B5551F66A9140087075B /* main.c in Sources */,
			);
			runOnlyForDeploymentPostprocessing = 0;
		};
/* End PBXSourcesBuildPhase section */

/* Begin XCBuildConfiguration section */
		1029B8E41F5A2ACE0091471B /* Debug */ = {
			isa = XCBuildConfiguration;
			buildSettings = {
				ALWAYS_SEARCH_USER_PATHS = NO;
				CLANG_ANALYZER_NONNULL = YES;
				CLANG_ANALYZER_NUMBER_OBJECT_CONVERSION = YES_AGGRESSIVE;
				CLANG_CXX_LANGUAGE_STANDARD = "gnu++14";
				CLANG_CXX_LIBRARY = "libc++";
				CLANG_ENABLE_MODULES = YES;
				CLANG_ENABLE_OBJC_ARC = YES;
				CLANG_WARN_BLOCK_CAPTURE_AUTORELEASING = YES;
				CLANG_WARN_BOOL_CONVERSION = YES;
				CLANG_WARN_COMMA = YES;
				CLANG_WARN_CONSTANT_CONVERSION = YES;
				CLANG_WARN_DIRECT_OBJC_ISA_USAGE = YES_ERROR;
				CLANG_WARN_DOCUMENTATION_COMMENTS = YES;
				CLANG_WARN_EMPTY_BODY = YES;
				CLANG_WARN_ENUM_CONVERSION = YES;
				CLANG_WARN_INFINITE_RECURSION = YES;
				CLANG_WARN_INT_CONVERSION = YES;
				CLANG_WARN_NON_LITERAL_NULL_CONVERSION = YES;
				CLANG_WARN_OBJC_LITERAL_CONVERSION = YES;
				CLANG_WARN_OBJC_ROOT_CLASS = YES_ERROR;
				CLANG_WARN_RANGE_LOOP_ANALYSIS = YES;
				CLANG_WARN_STRICT_PROTOTYPES = YES;
				CLANG_WARN_SUSPICIOUS_MOVE = YES;
				CLANG_WARN_UNGUARDED_AVAILABILITY = YES_AGGRESSIVE;
				CLANG_WARN_UNREACHABLE_CODE = YES;
				CLANG_WARN__DUPLICATE_METHOD_MATCH = YES;
				CODE_SIGN_IDENTITY = "Mac Developer";
				COPY_PHASE_STRIP = NO;
				DEBUG_INFORMATION_FORMAT = dwarf;
				ENABLE_STRICT_OBJC_MSGSEND = YES;
				ENABLE_TESTABILITY = YES;
				GCC_C_LANGUAGE_STANDARD = gnu11;
				GCC_DYNAMIC_NO_PIC = NO;
				GCC_NO_COMMON_BLOCKS = YES;
				GCC_OPTIMIZATION_LEVEL = 0;
				GCC_PREPROCESSOR_DEFINITIONS = (
					"DEBUG=1",
					"$(inherited)",
				);
				GCC_WARN_64_TO_32_BIT_CONVERSION = YES;
				GCC_WARN_ABOUT_RETURN_TYPE = YES_ERROR;
				GCC_WARN_UNDECLARED_SELECTOR = YES;
				GCC_WARN_UNINITIALIZED_AUTOS = YES_AGGRESSIVE;
				GCC_WARN_UNUSED_FUNCTION = YES;
				GCC_WARN_UNUSED_VARIABLE = YES;
				MACOSX_DEPLOYMENT_TARGET = 10.12;
				MTL_ENABLE_DEBUG_INFO = YES;
				ONLY_ACTIVE_ARCH = YES;
				SDKROOT = macosx;
			};
			name = Debug;
		};
		1029B8E51F5A2ACE0091471B /* Release */ = {
			isa = XCBuildConfiguration;
			buildSettings = {
				ALWAYS_SEARCH_USER_PATHS = NO;
				CLANG_ANALYZER_NONNULL = YES;
				CLANG_ANALYZER_NUMBER_OBJECT_CONVERSION = YES_AGGRESSIVE;
				CLANG_CXX_LANGUAGE_STANDARD = "gnu++14";
				CLANG_CXX_LIBRARY = "libc++";
				CLANG_ENABLE_MODULES = YES;
				CLANG_ENABLE_OBJC_ARC = YES;
				CLANG_WARN_BLOCK_CAPTURE_AUTORELEASING = YES;
				CLANG_WARN_BOOL_CONVERSION = YES;
				CLANG_WARN_COMMA = YES;
				CLANG_WARN_CONSTANT_CONVERSION = YES;
				CLANG_WARN_DIRECT_OBJC_ISA_USAGE = YES_ERROR;
				CLANG_WARN_DOCUMENTATION_COMMENTS = YES;
				CLANG_WARN_EMPTY_BODY = YES;
				CLANG_WARN_ENUM_CONVERSION = YES;
				CLANG_WARN_INFINITE_RECURSION = YES;
				CLANG_WARN_INT_CONVERSION = YES;
				CLANG_WARN_NON_LITERAL_NULL_CONVERSION = YES;
				CLANG_WARN_OBJC_LITERAL_CONVERSION = YES;
				CLANG_WARN_OBJC_ROOT_CLASS = YES_ERROR;
				CLANG_WARN_RANGE_LOOP_ANALYSIS = YES;
				CLANG_WARN_STRICT_PROTOTYPES = YES;
				CLANG_WARN_SUSPICIOUS_MOVE = YES;
				CLANG_WARN_UNGUARDED_AVAILABILITY = YES_AGGRESSIVE;
				CLANG_WARN_UNREACHABLE_CODE = YES;
				CLANG_WARN__DUPLICATE_METHOD_MATCH = YES;
				CODE_SIGN_IDENTITY = "Mac Developer";
				COPY_PHASE_STRIP = NO;
				DEBUG_INFORMATION_FORMAT = "dwarf-with-dsym";
				ENABLE_NS_ASSERTIONS = NO;
				ENABLE_STRICT_OBJC_MSGSEND = YES;
				GCC_C_LANGUAGE_STANDARD = gnu11;
				GCC_NO_COMMON_BLOCKS = YES;
				GCC_OPTIMIZATION_LEVEL = s;
				GCC_WARN_64_TO_32_BIT_CONVERSION = YES;
				GCC_WARN_ABOUT_RETURN_TYPE = YES_ERROR;
				GCC_WARN_UNDECLARED_SELECTOR = YES;
				GCC_WARN_UNINITIALIZED_AUTOS = YES_AGGRESSIVE;
				GCC_WARN_UNUSED_FUNCTION = YES;
				GCC_WARN_UNUSED_VARIABLE = YES;
				MACOSX_DEPLOYMENT_TARGET = 10.12;
				MTL_ENABLE_DEBUG_INFO = NO;
				SDKROOT = macosx;
			};
			name = Release;
		};
		1029B8E71F5A2ACE0091471B /* Debug */ = {
			isa = XCBuildConfiguration;
			buildSettings = {
				CODE_SIGN_STYLE = Automatic;
				DEVELOPMENT_TEAM = U3R9BA33SA;
				EXECUTABLE_PREFIX = lib;
				LINK_WITH_STANDARD_LIBRARIES = YES;
				PRODUCT_NAME = "$(TARGET_NAME)";
			};
			name = Debug;
		};
		1029B8E81F5A2ACE0091471B /* Release */ = {
			isa = XCBuildConfiguration;
			buildSettings = {
				CODE_SIGN_STYLE = Automatic;
				DEVELOPMENT_TEAM = U3R9BA33SA;
				EXECUTABLE_PREFIX = lib;
				LINK_WITH_STANDARD_LIBRARIES = YES;
				PRODUCT_NAME = "$(TARGET_NAME)";
			};
			name = Release;
		};
		1076B5511F66A8E60087075B /* Debug */ = {
			isa = XCBuildConfiguration;
			buildSettings = {
				CODE_SIGN_STYLE = Automatic;
				DEVELOPMENT_TEAM = U3R9BA33SA;
				PRODUCT_NAME = "$(TARGET_NAME)";
			};
			name = Debug;
		};
		1076B5521F66A8E60087075B /* Release */ = {
			isa = XCBuildConfiguration;
			buildSettings = {
				CODE_SIGN_STYLE = Automatic;
				DEVELOPMENT_TEAM = U3R9BA33SA;
				PRODUCT_NAME = "$(TARGET_NAME)";
			};
			name = Release;
		};
		10CC02241F81E0A700E79FAC /* Debug */ = {
			isa = XCBuildConfiguration;
			buildSettings = {
				CODE_SIGN_STYLE = Automatic;
				DEBUGGING_SYMBOLS = YES;
				DEBUG_INFORMATION_FORMAT = dwarf;
				DEVELOPMENT_TEAM = U3R9BA33SA;
				GCC_GENERATE_DEBUGGING_SYMBOLS = YES;
				OTHER_CFLAGS = "";
				OTHER_LDFLAGS = "";
				PRODUCT_NAME = "$(TARGET_NAME)";
			};
			name = Debug;
		};
		10CC02251F81E0A700E79FAC /* Release */ = {
			isa = XCBuildConfiguration;
			buildSettings = {
				CODE_SIGN_STYLE = Automatic;
				DEBUG_INFORMATION_FORMAT = "dwarf-with-dsym";
				DEVELOPMENT_TEAM = U3R9BA33SA;
				OTHER_CFLAGS = "";
				OTHER_LDFLAGS = "";
				PRODUCT_NAME = "$(TARGET_NAME)";
			};
			name = Release;
		};
/* End XCBuildConfiguration section */

/* Begin XCConfigurationList section */
		1029B8DD1F5A2ACE0091471B /* Build configuration list for PBXProject "cue" */ = {
			isa = XCConfigurationList;
			buildConfigurations = (
				1029B8E41F5A2ACE0091471B /* Debug */,
				1029B8E51F5A2ACE0091471B /* Release */,
			);
			defaultConfigurationIsVisible = 0;
			defaultConfigurationName = Release;
		};
		1029B8E61F5A2ACE0091471B /* Build configuration list for PBXNativeTarget "cue" */ = {
			isa = XCConfigurationList;
			buildConfigurations = (
				1029B8E71F5A2ACE0091471B /* Debug */,
				1029B8E81F5A2ACE0091471B /* Release */,
			);
			defaultConfigurationIsVisible = 0;
			defaultConfigurationName = Release;
		};
		1076B5531F66A8E60087075B /* Build configuration list for PBXNativeTarget "cue-cl" */ = {
			isa = XCConfigurationList;
			buildConfigurations = (
				1076B5511F66A8E60087075B /* Debug */,
				1076B5521F66A8E60087075B /* Release */,
			);
			defaultConfigurationIsVisible = 0;
			defaultConfigurationName = Release;
		};
		10CC02261F81E0A700E79FAC /* Build configuration list for PBXLegacyTarget "makeit" */ = {
			isa = XCConfigurationList;
			buildConfigurations = (
				10CC02241F81E0A700E79FAC /* Debug */,
				10CC02251F81E0A700E79FAC /* Release */,
			);
			defaultConfigurationIsVisible = 0;
			defaultConfigurationName = Release;
		};
/* End XCConfigurationList section */
	};
	rootObject = 1029B8DA1F5A2ACE0091471B /* Project object */;
}
